
Microsoft Visual Studio Solution File, Format Version 12.00
# Visual Studio Version 16
VisualStudioVersion = 16.0.31129.286
MinimumVisualStudioVersion = 10.0.40219.1
Project("{FAE04EC0-301F-11D3-BF4B-00C04F79EFBC}") = "HataYonetimi.cs", "HataYonetimi.cs\HataYonetimi.cs.csproj", "{9269269B-5346-4D16-803A-08D2D1689D30}"
EndProject
Global
	GlobalSection(SolutionConfigurationPlatforms) = preSolution
		Debug|Any CPU = Debug|Any CPU
		Release|Any CPU = Release|Any CPU
	EndGlobalSection
	GlobalSection(ProjectConfigurationPlatforms) = postSolution
		{9269269B-5346-4D16-803A-08D2D1689D30}.Debug|Any CPU.ActiveCfg = Debug|Any CPU
		{9269269B-5346-4D16-803A-08D2D1689D30}.Debug|Any CPU.Build.0 = Debug|Any CPU
		{9269269B-5346-4D16-803A-08D2D1689D30}.Release|Any CPU.ActiveCfg = Release|Any CPU
		{9269269B-5346-4D16-803A-08D2D1689D30}.Release|Any CPU.Build.0 = Release|Any CPU
	EndGlobalSection
	GlobalSection(SolutionProperties) = preSolution
		HideSolutionNode = FALSE
	EndGlobalSection
	GlobalSection(ExtensibilityGlobals) = postSolution
		SolutionGuid = {60BDBAC0-BBCE-4767-B5EC-5529CC3F3965}
	EndGlobalSection
EndGlobal
